// !$*UTF8*$!
{
	archiveVersion = 1;
	classes = {
	};
	objectVersion = 55;
	objects = {

/* Begin PBXBuildFile section */
		C455EB66277B03F100659E5E /* ColorsModel.swift in Sources */ = {isa = PBXBuildFile; fileRef = C455EB63277B025400659E5E /* ColorsModel.swift */; };
		C4EE890D2779B56600319B9D /* ColorsApp.swift in Sources */ = {isa = PBXBuildFile; fileRef = C4EE890C2779B56600319B9D /* ColorsApp.swift */; };
		C4EE890F2779B56600319B9D /* ContentView.swift in Sources */ = {isa = PBXBuildFile; fileRef = C4EE890E2779B56600319B9D /* ContentView.swift */; };
		C4EE89112779B56700319B9D /* Assets.xcassets in Resources */ = {isa = PBXBuildFile; fileRef = C4EE89102779B56700319B9D /* Assets.xcassets */; };
		C4EE89142779B56700319B9D /* Preview Assets.xcassets in Resources */ = {isa = PBXBuildFile; fileRef = C4EE89132779B56700319B9D /* Preview Assets.xcassets */; };
		C4EE89212779B5A900319B9D /* WidgetKit.framework in Frameworks */ = {isa = PBXBuildFile; fileRef = C4EE89202779B5A900319B9D /* WidgetKit.framework */; };
		C4EE89232779B5A900319B9D /* SwiftUI.framework in Frameworks */ = {isa = PBXBuildFile; fileRef = C4EE89222779B5A900319B9D /* SwiftUI.framework */; };
		C4EE89262779B5A900319B9D /* ColorsWidget.swift in Sources */ = {isa = PBXBuildFile; fileRef = C4EE89252779B5A900319B9D /* ColorsWidget.swift */; };
		C4EE89292779B5AA00319B9D /* Assets.xcassets in Resources */ = {isa = PBXBuildFile; fileRef = C4EE89282779B5AA00319B9D /* Assets.xcassets */; };
		C4EE892B2779B5AA00319B9D /* ColorsWidget.intentdefinition in Sources */ = {isa = PBXBuildFile; fileRef = C4EE89272779B5A900319B9D /* ColorsWidget.intentdefinition */; };
		C4EE892C2779B5AA00319B9D /* ColorsWidget.intentdefinition in Sources */ = {isa = PBXBuildFile; fileRef = C4EE89272779B5A900319B9D /* ColorsWidget.intentdefinition */; };
		C4EE892F2779B5AA00319B9D /* ColorsWidgetExtension.appex in Embed App Extensions */ = {isa = PBXBuildFile; fileRef = C4EE891E2779B5A900319B9D /* ColorsWidgetExtension.appex */; settings = {ATTRIBUTES = (RemoveHeadersOnCopy, ); }; };
/* End PBXBuildFile section */

/* Begin PBXContainerItemProxy section */
		C4EE892D2779B5AA00319B9D /* PBXContainerItemProxy */ = {
			isa = PBXContainerItemProxy;
			containerPortal = C4EE89012779B56500319B9D /* Project object */;
			proxyType = 1;
			remoteGlobalIDString = C4EE891D2779B5A900319B9D;
			remoteInfo = ColorsWidgetExtension;
		};
/* End PBXContainerItemProxy section */

/* Begin PBXCopyFilesBuildPhase section */
		C4EE89332779B5AA00319B9D /* Embed App Extensions */ = {
			isa = PBXCopyFilesBuildPhase;
			buildActionMask = 2147483647;
			dstPath = "";
			dstSubfolderSpec = 13;
			files = (
				C4EE892F2779B5AA00319B9D /* ColorsWidgetExtension.appex in Embed App Extensions */,
			);
			name = "Embed App Extensions";
			runOnlyForDeploymentPostprocessing = 0;
		};
/* End PBXCopyFilesBuildPhase section */

/* Begin PBXFileReference section */
		C455EB63277B025400659E5E /* ColorsModel.swift */ = {isa = PBXFileReference; lastKnownFileType = sourcecode.swift; path = ColorsModel.swift; sourceTree = "<group>"; };
		C455EB65277B02BB00659E5E /* Info.plist */ = {isa = PBXFileReference; lastKnownFileType = text.plist; path = Info.plist; sourceTree = "<group>"; };
		C4EE89092779B56600319B9D /* Colors.app */ = {isa = PBXFileReference; explicitFileType = wrapper.application; includeInIndex = 0; path = Colors.app; sourceTree = BUILT_PRODUCTS_DIR; };
		C4EE890C2779B56600319B9D /* ColorsApp.swift */ = {isa = PBXFileReference; lastKnownFileType = sourcecode.swift; path = ColorsApp.swift; sourceTree = "<group>"; };
		C4EE890E2779B56600319B9D /* ContentView.swift */ = {isa = PBXFileReference; lastKnownFileType = sourcecode.swift; path = ContentView.swift; sourceTree = "<group>"; };
		C4EE89102779B56700319B9D /* Assets.xcassets */ = {isa = PBXFileReference; lastKnownFileType = folder.assetcatalog; path = Assets.xcassets; sourceTree = "<group>"; };
		C4EE89132779B56700319B9D /* Preview Assets.xcassets */ = {isa = PBXFileReference; lastKnownFileType = folder.assetcatalog; path = "Preview Assets.xcassets"; sourceTree = "<group>"; };
		C4EE891E2779B5A900319B9D /* ColorsWidgetExtension.appex */ = {isa = PBXFileReference; explicitFileType = "wrapper.app-extension"; includeInIndex = 0; path = ColorsWidgetExtension.appex; sourceTree = BUILT_PRODUCTS_DIR; };
		C4EE89202779B5A900319B9D /* WidgetKit.framework */ = {isa = PBXFileReference; lastKnownFileType = wrapper.framework; name = WidgetKit.framework; path = System/Library/Frameworks/WidgetKit.framework; sourceTree = SDKROOT; };
		C4EE89222779B5A900319B9D /* SwiftUI.framework */ = {isa = PBXFileReference; lastKnownFileType = wrapper.framework; name = SwiftUI.framework; path = System/Library/Frameworks/SwiftUI.framework; sourceTree = SDKROOT; };
		C4EE89252779B5A900319B9D /* ColorsWidget.swift */ = {isa = PBXFileReference; lastKnownFileType = sourcecode.swift; path = ColorsWidget.swift; sourceTree = "<group>"; };
		C4EE89272779B5A900319B9D /* ColorsWidget.intentdefinition */ = {isa = PBXFileReference; lastKnownFileType = file.intentdefinition; path = ColorsWidget.intentdefinition; sourceTree = "<group>"; };
		C4EE89282779B5AA00319B9D /* Assets.xcassets */ = {isa = PBXFileReference; lastKnownFileType = folder.assetcatalog; path = Assets.xcassets; sourceTree = "<group>"; };
		C4EE892A2779B5AA00319B9D /* Info.plist */ = {isa = PBXFileReference; lastKnownFileType = text.plist.xml; path = Info.plist; sourceTree = "<group>"; };
/* End PBXFileReference section */

/* Begin PBXFrameworksBuildPhase section */
		C4EE89062779B56600319B9D /* Frameworks */ = {
			isa = PBXFrameworksBuildPhase;
			buildActionMask = 2147483647;
			files = (
			);
			runOnlyForDeploymentPostprocessing = 0;
		};
		C4EE891B2779B5A900319B9D /* Frameworks */ = {
			isa = PBXFrameworksBuildPhase;
			buildActionMask = 2147483647;
			files = (
				C4EE89232779B5A900319B9D /* SwiftUI.framework in Frameworks */,
				C4EE89212779B5A900319B9D /* WidgetKit.framework in Frameworks */,
			);
			runOnlyForDeploymentPostprocessing = 0;
		};
/* End PBXFrameworksBuildPhase section */

/* Begin PBXGroup section */
		C4EE89002779B56500319B9D = {
			isa = PBXGroup;
			children = (
				C4EE890B2779B56600319B9D /* Colors */,
				C4EE89242779B5A900319B9D /* ColorsWidget */,
				C4EE891F2779B5A900319B9D /* Frameworks */,
				C4EE890A2779B56600319B9D /* Products */,
			);
			sourceTree = "<group>";
		};
		C4EE890A2779B56600319B9D /* Products */ = {
			isa = PBXGroup;
			children = (
				C4EE89092779B56600319B9D /* Colors.app */,
				C4EE891E2779B5A900319B9D /* ColorsWidgetExtension.appex */,
			);
			name = Products;
			sourceTree = "<group>";
		};
		C4EE890B2779B56600319B9D /* Colors */ = {
			isa = PBXGroup;
			children = (
				C455EB65277B02BB00659E5E /* Info.plist */,
				C4EE890C2779B56600319B9D /* ColorsApp.swift */,
				C4EE890E2779B56600319B9D /* ContentView.swift */,
				C4EE89102779B56700319B9D /* Assets.xcassets */,
				C4EE89122779B56700319B9D /* Preview Content */,
			);
			path = Colors;
			sourceTree = "<group>";
		};
		C4EE89122779B56700319B9D /* Preview Content */ = {
			isa = PBXGroup;
			children = (
				C4EE89132779B56700319B9D /* Preview Assets.xcassets */,
			);
			path = "Preview Content";
			sourceTree = "<group>";
		};
		C4EE891F2779B5A900319B9D /* Frameworks */ = {
			isa = PBXGroup;
			children = (
				C4EE89202779B5A900319B9D /* WidgetKit.framework */,
				C4EE89222779B5A900319B9D /* SwiftUI.framework */,
			);
			name = Frameworks;
			sourceTree = "<group>";
		};
		C4EE89242779B5A900319B9D /* ColorsWidget */ = {
			isa = PBXGroup;
			children = (
				C4EE89252779B5A900319B9D /* ColorsWidget.swift */,
				C4EE89272779B5A900319B9D /* ColorsWidget.intentdefinition */,
				C4EE89282779B5AA00319B9D /* Assets.xcassets */,
				C4EE892A2779B5AA00319B9D /* Info.plist */,
				C455EB63277B025400659E5E /* ColorsModel.swift */,
			);
			path = ColorsWidget;
			sourceTree = "<group>";
		};
/* End PBXGroup section */

/* Begin PBXNativeTarget section */
		C4EE89082779B56600319B9D /* Colors */ = {
			isa = PBXNativeTarget;
			buildConfigurationList = C4EE89172779B56700319B9D /* Build configuration list for PBXNativeTarget "Colors" */;
			buildPhases = (
				C4EE89052779B56600319B9D /* Sources */,
				C4EE89062779B56600319B9D /* Frameworks */,
				C4EE89072779B56600319B9D /* Resources */,
				C4EE89332779B5AA00319B9D /* Embed App Extensions */,
			);
			buildRules = (
			);
			dependencies = (
				C4EE892E2779B5AA00319B9D /* PBXTargetDependency */,
			);
			name = Colors;
			productName = Colors;
			productReference = C4EE89092779B56600319B9D /* Colors.app */;
			productType = "com.apple.product-type.application";
		};
		C4EE891D2779B5A900319B9D /* ColorsWidgetExtension */ = {
			isa = PBXNativeTarget;
			buildConfigurationList = C4EE89302779B5AA00319B9D /* Build configuration list for PBXNativeTarget "ColorsWidgetExtension" */;
			buildPhases = (
				C4EE891A2779B5A900319B9D /* Sources */,
				C4EE891B2779B5A900319B9D /* Frameworks */,
				C4EE891C2779B5A900319B9D /* Resources */,
			);
			buildRules = (
			);
			dependencies = (
			);
			name = ColorsWidgetExtension;
			productName = ColorsWidgetExtension;
			productReference = C4EE891E2779B5A900319B9D /* ColorsWidgetExtension.appex */;
			productType = "com.apple.product-type.app-extension";
		};
/* End PBXNativeTarget section */

/* Begin PBXProject section */
		C4EE89012779B56500319B9D /* Project object */ = {
			isa = PBXProject;
			attributes = {
				BuildIndependentTargetsInParallel = 1;
				LastSwiftUpdateCheck = 1320;
				LastUpgradeCheck = 1320;
				TargetAttributes = {
					C4EE89082779B56600319B9D = {
						CreatedOnToolsVersion = 13.2;
					};
					C4EE891D2779B5A900319B9D = {
						CreatedOnToolsVersion = 13.2;
					};
				};
			};
			buildConfigurationList = C4EE89042779B56500319B9D /* Build configuration list for PBXProject "Colors" */;
			compatibilityVersion = "Xcode 13.0";
			developmentRegion = en;
			hasScannedForEncodings = 0;
			knownRegions = (
				en,
				Base,
			);
			mainGroup = C4EE89002779B56500319B9D;
			productRefGroup = C4EE890A2779B56600319B9D /* Products */;
			projectDirPath = "";
			projectRoot = "";
			targets = (
				C4EE89082779B56600319B9D /* Colors */,
				C4EE891D2779B5A900319B9D /* ColorsWidgetExtension */,
			);
		};
/* End PBXProject section */

/* Begin PBXResourcesBuildPhase section */
		C4EE89072779B56600319B9D /* Resources */ = {
			isa = PBXResourcesBuildPhase;
			buildActionMask = 2147483647;
			files = (
				C4EE89142779B56700319B9D /* Preview Assets.xcassets in Resources */,
				C4EE89112779B56700319B9D /* Assets.xcassets in Resources */,
			);
			runOnlyForDeploymentPostprocessing = 0;
		};
		C4EE891C2779B5A900319B9D /* Resources */ = {
			isa = PBXResourcesBuildPhase;
			buildActionMask = 2147483647;
			files = (
				C4EE89292779B5AA00319B9D /* Assets.xcassets in Resources */,
			);
			runOnlyForDeploymentPostprocessing = 0;
		};
/* End PBXResourcesBuildPhase section */

/* Begin PBXSourcesBuildPhase section */
		C4EE89052779B56600319B9D /* Sources */ = {
			isa = PBXSourcesBuildPhase;
			buildActionMask = 2147483647;
			files = (
				C4EE890F2779B56600319B9D /* ContentView.swift in Sources */,
				C4EE890D2779B56600319B9D /* ColorsApp.swift in Sources */,
				C4EE892C2779B5AA00319B9D /* ColorsWidget.intentdefinition in Sources */,
			);
			runOnlyForDeploymentPostprocessing = 0;
		};
		C4EE891A2779B5A900319B9D /* Sources */ = {
			isa = PBXSourcesBuildPhase;
			buildActionMask = 2147483647;
			files = (
				C4EE892B2779B5AA00319B9D /* ColorsWidget.intentdefinition in Sources */,
				C455EB66277B03F100659E5E /* ColorsModel.swift in Sources */,
				C4EE89262779B5A900319B9D /* ColorsWidget.swift in Sources */,
			);
			runOnlyForDeploymentPostprocessing = 0;
		};
/* End PBXSourcesBuildPhase section */

/* Begin PBXTargetDependency section */
		C4EE892E2779B5AA00319B9D /* PBXTargetDependency */ = {
			isa = PBXTargetDependency;
			target = C4EE891D2779B5A900319B9D /* ColorsWidgetExtension */;
			targetProxy = C4EE892D2779B5AA00319B9D /* PBXContainerItemProxy */;
		};
/* End PBXTargetDependency section */

/* Begin XCBuildConfiguration section */
		C4EE89152779B56700319B9D /* Debug */ = {
			isa = XCBuildConfiguration;
			buildSettings = {
				ALWAYS_SEARCH_USER_PATHS = NO;
				CLANG_ANALYZER_NONNULL = YES;
				CLANG_ANALYZER_NUMBER_OBJECT_CONVERSION = YES_AGGRESSIVE;
				CLANG_CXX_LANGUAGE_STANDARD = "gnu++17";
				CLANG_CXX_LIBRARY = "libc++";
				CLANG_ENABLE_MODULES = YES;
				CLANG_ENABLE_OBJC_ARC = YES;
				CLANG_ENABLE_OBJC_WEAK = YES;
				CLANG_WARN_BLOCK_CAPTURE_AUTORELEASING = YES;
				CLANG_WARN_BOOL_CONVERSION = YES;
				CLANG_WARN_COMMA = YES;
				CLANG_WARN_CONSTANT_CONVERSION = YES;
				CLANG_WARN_DEPRECATED_OBJC_IMPLEMENTATIONS = YES;
				CLANG_WARN_DIRECT_OBJC_ISA_USAGE = YES_ERROR;
				CLANG_WARN_DOCUMENTATION_COMMENTS = YES;
				CLANG_WARN_EMPTY_BODY = YES;
				CLANG_WARN_ENUM_CONVERSION = YES;
				CLANG_WARN_INFINITE_RECURSION = YES;
				CLANG_WARN_INT_CONVERSION = YES;
				CLANG_WARN_NON_LITERAL_NULL_CONVERSION = YES;
				CLANG_WARN_OBJC_IMPLICIT_RETAIN_SELF = YES;
				CLANG_WARN_OBJC_LITERAL_CONVERSION = YES;
				CLANG_WARN_OBJC_ROOT_CLASS = YES_ERROR;
				CLANG_WARN_QUOTED_INCLUDE_IN_FRAMEWORK_HEADER = YES;
				CLANG_WARN_RANGE_LOOP_ANALYSIS = YES;
				CLANG_WARN_STRICT_PROTOTYPES = YES;
				CLANG_WARN_SUSPICIOUS_MOVE = YES;
				CLANG_WARN_UNGUARDED_AVAILABILITY = YES_AGGRESSIVE;
				CLANG_WARN_UNREACHABLE_CODE = YES;
				CLANG_WARN__DUPLICATE_METHOD_MATCH = YES;
				COPY_PHASE_STRIP = NO;
				DEBUG_INFORMATION_FORMAT = dwarf;
				ENABLE_STRICT_OBJC_MSGSEND = YES;
				ENABLE_TESTABILITY = YES;
				GCC_C_LANGUAGE_STANDARD = gnu11;
				GCC_DYNAMIC_NO_PIC = NO;
				GCC_NO_COMMON_BLOCKS = YES;
				GCC_OPTIMIZATION_LEVEL = 0;
				GCC_PREPROCESSOR_DEFINITIONS = (
					"DEBUG=1",
					"$(inherited)",
				);
				GCC_WARN_64_TO_32_BIT_CONVERSION = YES;
				GCC_WARN_ABOUT_RETURN_TYPE = YES_ERROR;
				GCC_WARN_UNDECLARED_SELECTOR = YES;
				GCC_WARN_UNINITIALIZED_AUTOS = YES_AGGRESSIVE;
				GCC_WARN_UNUSED_FUNCTION = YES;
				GCC_WARN_UNUSED_VARIABLE = YES;
				IPHONEOS_DEPLOYMENT_TARGET = 15.2;
				MTL_ENABLE_DEBUG_INFO = INCLUDE_SOURCE;
				MTL_FAST_MATH = YES;
				ONLY_ACTIVE_ARCH = YES;
				SDKROOT = iphoneos;
				SWIFT_ACTIVE_COMPILATION_CONDITIONS = DEBUG;
				SWIFT_OPTIMIZATION_LEVEL = "-Onone";
			};
			name = Debug;
		};
		C4EE89162779B56700319B9D /* Release */ = {
			isa = XCBuildConfiguration;
			buildSettings = {
				ALWAYS_SEARCH_USER_PATHS = NO;
				CLANG_ANALYZER_NONNULL = YES;
				CLANG_ANALYZER_NUMBER_OBJECT_CONVERSION = YES_AGGRESSIVE;
				CLANG_CXX_LANGUAGE_STANDARD = "gnu++17";
				CLANG_CXX_LIBRARY = "libc++";
				CLANG_ENABLE_MODULES = YES;
				CLANG_ENABLE_OBJC_ARC = YES;
				CLANG_ENABLE_OBJC_WEAK = YES;
				CLANG_WARN_BLOCK_CAPTURE_AUTORELEASING = YES;
				CLANG_WARN_BOOL_CONVERSION = YES;
				CLANG_WARN_COMMA = YES;
				CLANG_WARN_CONSTANT_CONVERSION = YES;
				CLANG_WARN_DEPRECATED_OBJC_IMPLEMENTATIONS = YES;
				CLANG_WARN_DIRECT_OBJC_ISA_USAGE = YES_ERROR;
				CLANG_WARN_DOCUMENTATION_COMMENTS = YES;
				CLANG_WARN_EMPTY_BODY = YES;
				CLANG_WARN_ENUM_CONVERSION = YES;
				CLANG_WARN_INFINITE_RECURSION = YES;
				CLANG_WARN_INT_CONVERSION = YES;
				CLANG_WARN_NON_LITERAL_NULL_CONVERSION = YES;
				CLANG_WARN_OBJC_IMPLICIT_RETAIN_SELF = YES;
				CLANG_WARN_OBJC_LITERAL_CONVERSION = YES;
				CLANG_WARN_OBJC_ROOT_CLASS = YES_ERROR;
				CLANG_WARN_QUOTED_INCLUDE_IN_FRAMEWORK_HEADER = YES;
				CLANG_WARN_RANGE_LOOP_ANALYSIS = YES;
				CLANG_WARN_STRICT_PROTOTYPES = YES;
				CLANG_WARN_SUSPICIOUS_MOVE = YES;
				CLANG_WARN_UNGUARDED_AVAILABILITY = YES_AGGRESSIVE;
				CLANG_WARN_UNREACHABLE_CODE = YES;
				CLANG_WARN__DUPLICATE_METHOD_MATCH = YES;
				COPY_PHASE_STRIP = NO;
				DEBUG_INFORMATION_FORMAT = "dwarf-with-dsym";
				ENABLE_NS_ASSERTIONS = NO;
				ENABLE_STRICT_OBJC_MSGSEND = YES;
				GCC_C_LANGUAGE_STANDARD = gnu11;
				GCC_NO_COMMON_BLOCKS = YES;
				GCC_WARN_64_TO_32_BIT_CONVERSION = YES;
				GCC_WARN_ABOUT_RETURN_TYPE = YES_ERROR;
				GCC_WARN_UNDECLARED_SELECTOR = YES;
				GCC_WARN_UNINITIALIZED_AUTOS = YES_AGGRESSIVE;
				GCC_WARN_UNUSED_FUNCTION = YES;
				GCC_WARN_UNUSED_VARIABLE = YES;
				IPHONEOS_DEPLOYMENT_TARGET = 15.2;
				MTL_ENABLE_DEBUG_INFO = NO;
				MTL_FAST_MATH = YES;
				SDKROOT = iphoneos;
				SWIFT_COMPILATION_MODE = wholemodule;
				SWIFT_OPTIMIZATION_LEVEL = "-O";
				VALIDATE_PRODUCT = YES;
			};
			name = Release;
		};
		C4EE89182779B56700319B9D /* Debug */ = {
			isa = XCBuildConfiguration;
			buildSettings = {
				ALWAYS_EMBED_SWIFT_STANDARD_LIBRARIES = YES;
				ASSETCATALOG_COMPILER_APPICON_NAME = AppIcon;
				ASSETCATALOG_COMPILER_GLOBAL_ACCENT_COLOR_NAME = AccentColor;
				CODE_SIGN_STYLE = Automatic;
				CURRENT_PROJECT_VERSION = 1;
				DEVELOPMENT_ASSET_PATHS = "\"Colors/Preview Content\"";
				DEVELOPMENT_TEAM = 3WN2HPYHZR;
				ENABLE_PREVIEWS = YES;
				GENERATE_INFOPLIST_FILE = YES;
				INFOPLIST_FILE = Colors/Info.plist;
				INFOPLIST_KEY_UIApplicationSceneManifest_Generation = YES;
				INFOPLIST_KEY_UIApplicationSupportsIndirectInputEvents = YES;
				INFOPLIST_KEY_UILaunchScreen_Generation = YES;
				INFOPLIST_KEY_UISupportedInterfaceOrientations_iPad = "UIInterfaceOrientationPortrait UIInterfaceOrientationPortraitUpsideDown UIInterfaceOrientationLandscapeLeft UIInterfaceOrientationLandscapeRight";
				INFOPLIST_KEY_UISupportedInterfaceOrientations_iPhone = "UIInterfaceOrientationPortrait UIInterfaceOrientationLandscapeLeft UIInterfaceOrientationLandscapeRight";
				LD_RUNPATH_SEARCH_PATHS = (
					"$(inherited)",
					"@executable_path/Frameworks",
				);
				MARKETING_VERSION = 1.0;
				PRODUCT_BUNDLE_IDENTIFIER = com.idev.Colors;
				PRODUCT_NAME = "$(TARGET_NAME)";
				SWIFT_EMIT_LOC_STRINGS = YES;
				SWIFT_VERSION = 5.0;
				TARGETED_DEVICE_FAMILY = "1,2";
			};
			name = Debug;
		};
		C4EE89192779B56700319B9D /* Release */ = {
			isa = XCBuildConfiguration;
			buildSettings = {
				ALWAYS_EMBED_SWIFT_STANDARD_LIBRARIES = YES;
				ASSETCATALOG_COMPILER_APPICON_NAME = AppIcon;
				ASSETCATALOG_COMPILER_GLOBAL_ACCENT_COLOR_NAME = AccentColor;
				CODE_SIGN_STYLE = Automatic;
				CURRENT_PROJECT_VERSION = 1;
				DEVELOPMENT_ASSET_PATHS = "\"Colors/Preview Content\"";
				DEVELOPMENT_TEAM = 3WN2HPYHZR;
				ENABLE_PREVIEWS = YES;
				GENERATE_INFOPLIST_FILE = YES;
				INFOPLIST_FILE = Colors/Info.plist;
				INFOPLIST_KEY_UIApplicationSceneManifest_Generation = YES;
				INFOPLIST_KEY_UIApplicationSupportsIndirectInputEvents = YES;
				INFOPLIST_KEY_UILaunchScreen_Generation = YES;
				INFOPLIST_KEY_UISupportedInterfaceOrientations_iPad = "UIInterfaceOrientationPortrait UIInterfaceOrientationPortraitUpsideDown UIInterfaceOrientationLandscapeLeft UIInterfaceOrientationLandscapeRight";
				INFOPLIST_KEY_UISupportedInterfaceOrientations_iPhone = "UIInterfaceOrientationPortrait UIInterfaceOrientationLandscapeLeft UIInterfaceOrientationLandscapeRight";
				LD_RUNPATH_SEARCH_PATHS = (
					"$(inherited)",
					"@executable_path/Frameworks",
				);
				MARKETING_VERSION = 1.0;
				PRODUCT_BUNDLE_IDENTIFIER = com.idev.Colors;
				PRODUCT_NAME = "$(TARGET_NAME)";
				SWIFT_EMIT_LOC_STRINGS = YES;
				SWIFT_VERSION = 5.0;
				TARGETED_DEVICE_FAMILY = "1,2";
			};
			name = Release;
		};
		C4EE89312779B5AA00319B9D /* Debug */ = {
			isa = XCBuildConfiguration;
			buildSettings = {
				ASSETCATALOG_COMPILER_GLOBAL_ACCENT_COLOR_NAME = AccentColor;
				ASSETCATALOG_COMPILER_WIDGET_BACKGROUND_COLOR_NAME = WidgetBackground;
				CODE_SIGN_STYLE = Automatic;
				CURRENT_PROJECT_VERSION = 1;
				DEVELOPMENT_TEAM = 3WN2HPYHZR;
				GENERATE_INFOPLIST_FILE = YES;
				INFOPLIST_FILE = ColorsWidget/Info.plist;
				INFOPLIST_KEY_CFBundleDisplayName = ColorsWidget;
				INFOPLIST_KEY_NSHumanReadableCopyright = "";
				LD_RUNPATH_SEARCH_PATHS = (
					"$(inherited)",
					"@executable_path/Frameworks",
					"@executable_path/../../Frameworks",
				);
				MARKETING_VERSION = 1.0;
				PRODUCT_BUNDLE_IDENTIFIER = com.idev.Colors.ColorsWidget;
				PRODUCT_NAME = "$(TARGET_NAME)";
				SKIP_INSTALL = YES;
				SWIFT_EMIT_LOC_STRINGS = YES;
				SWIFT_VERSION = 5.0;
				TARGETED_DEVICE_FAMILY = "1,2";
			};
			name = Debug;
		};
		C4EE89322779B5AA00319B9D /* Release */ = {
			isa = XCBuildConfiguration;
			buildSettings = {
				ASSETCATALOG_COMPILER_GLOBAL_ACCENT_COLOR_NAME = AccentColor;
				ASSETCATALOG_COMPILER_WIDGET_BACKGROUND_COLOR_NAME = WidgetBackground;
				CODE_SIGN_STYLE = Automatic;
				CURRENT_PROJECT_VERSION = 1;
				DEVELOPMENT_TEAM = 3WN2HPYHZR;
				GENERATE_INFOPLIST_FILE = YES;
				INFOPLIST_FILE = ColorsWidget/Info.plist;
				INFOPLIST_KEY_CFBundleDisplayName = ColorsWidget;
				INFOPLIST_KEY_NSHumanReadableCopyright = "";
				LD_RUNPATH_SEARCH_PATHS = (
					"$(inherited)",
					"@executable_path/Frameworks",
					"@executable_path/../../Frameworks",
				);
				MARKETING_VERSION = 1.0;
				PRODUCT_BUNDLE_IDENTIFIER = com.idev.Colors.ColorsWidget;
				PRODUCT_NAME = "$(TARGET_NAME)";
				SKIP_INSTALL = YES;
				SWIFT_EMIT_LOC_STRINGS = YES;
				SWIFT_VERSION = 5.0;
				TARGETED_DEVICE_FAMILY = "1,2";
			};
			name = Release;
		};
/* End XCBuildConfiguration section */

/* Begin XCConfigurationList section */
		C4EE89042779B56500319B9D /* Build configuration list for PBXProject "Colors" */ = {
			isa = XCConfigurationList;
			buildConfigurations = (
				C4EE89152779B56700319B9D /* Debug */,
				C4EE89162779B56700319B9D /* Release */,
			);
			defaultConfigurationIsVisible = 0;
			defaultConfigurationName = Release;
		};
		C4EE89172779B56700319B9D /* Build configuration list for PBXNativeTarget "Colors" */ = {
			isa = XCConfigurationList;
			buildConfigurations = (
				C4EE89182779B56700319B9D /* Debug */,
				C4EE89192779B56700319B9D /* Release */,
			);
			defaultConfigurationIsVisible = 0;
			defaultConfigurationName = Release;
		};
		C4EE89302779B5AA00319B9D /* Build configuration list for PBXNativeTarget "ColorsWidgetExtension" */ = {
			isa = XCConfigurationList;
			buildConfigurations = (
				C4EE89312779B5AA00319B9D /* Debug */,
				C4EE89322779B5AA00319B9D /* Release */,
			);
			defaultConfigurationIsVisible = 0;
			defaultConfigurationName = Release;
		};
/* End XCConfigurationList section */
	};
	rootObject = C4EE89012779B56500319B9D /* Project object */;
}
